
Microsoft Visual Studio Solution File, Format Version 12.00
# Visual Studio Version 17
VisualStudioVersion = 17.7.34024.191
MinimumVisualStudioVersion = 10.0.40219.1
Project("{FAE04EC0-301F-11D3-BF4B-00C04F79EFBC}") = "Задача2", "Задача2.csproj", "{CA01E832-0279-41C0-816C-34C9423C2CB7}"
EndProject
Global
	GlobalSection(SolutionConfigurationPlatforms) = preSolution
		Debug|Any CPU = Debug|Any CPU
		Release|Any CPU = Release|Any CPU
	EndGlobalSection
	GlobalSection(ProjectConfigurationPlatforms) = postSolution
		{CA01E832-0279-41C0-816C-34C9423C2CB7}.Debug|Any CPU.ActiveCfg = Debug|Any CPU
		{CA01E832-0279-41C0-816C-34C9423C2CB7}.Debug|Any CPU.Build.0 = Debug|Any CPU
		{CA01E832-0279-41C0-816C-34C9423C2CB7}.Release|Any CPU.ActiveCfg = Release|Any CPU
		{CA01E832-0279-41C0-816C-34C9423C2CB7}.Release|Any CPU.Build.0 = Release|Any CPU
	EndGlobalSection
	GlobalSection(SolutionProperties) = preSolution
		HideSolutionNode = FALSE
	EndGlobalSection
	GlobalSection(ExtensibilityGlobals) = postSolution
		SolutionGuid = {72D6F522-A59B-4EF3-AE0E-6B3EC6D94D3B}
	EndGlobalSection
EndGlobal
